
Microsoft Visual Studio Solution File, Format Version 12.00
# Visual Studio Version 17
VisualStudioVersion = 17.5.002.0
MinimumVisualStudioVersion = 10.0.40219.1
Project("{9A19103F-16F7-4668-BE54-9A1E7A4F7556}") = "ImpunityCodeGenerator", "ImpunityCodeGenerator.csproj", "{CF5A6326-33DE-4067-AE46-FA4F25E9DD03}"
EndProject
Global
	GlobalSection(SolutionConfigurationPlatforms) = preSolution
		Debug|Any CPU = Debug|Any CPU
		Release|Any CPU = Release|Any CPU
	EndGlobalSection
	GlobalSection(ProjectConfigurationPlatforms) = postSolution
		{CF5A6326-33DE-4067-AE46-FA4F25E9DD03}.Debug|Any CPU.ActiveCfg = Debug|Any CPU
		{CF5A6326-33DE-4067-AE46-FA4F25E9DD03}.Debug|Any CPU.Build.0 = Debug|Any CPU
		{CF5A6326-33DE-4067-AE46-FA4F25E9DD03}.Release|Any CPU.ActiveCfg = Release|Any CPU
		{CF5A6326-33DE-4067-AE46-FA4F25E9DD03}.Release|Any CPU.Build.0 = Release|Any CPU
	EndGlobalSection
	GlobalSection(SolutionProperties) = preSolution
		HideSolutionNode = FALSE
	EndGlobalSection
	GlobalSection(ExtensibilityGlobals) = postSolution
		SolutionGuid = {41756096-9DF0-46EB-8AA9-F5E311A731C4}
	EndGlobalSection
EndGlobal
